
Microsoft Visual Studio Solution File, Format Version 12.00
# Visual Studio 15
VisualStudioVersion = 15.0.28010.2050
MinimumVisualStudioVersion = 10.0.40219.1
Project("{FAE04EC0-301F-11D3-BF4B-00C04F79EFBC}") = "TurneroMedicos", "TurneroMedicos\TurneroMedicos.csproj", "{7798D851-FB69-462E-ACB0-90D7664A016B}"
EndProject
Global
	GlobalSection(SolutionConfigurationPlatforms) = preSolution
		Debug|Any CPU = Debug|Any CPU
		Release|Any CPU = Release|Any CPU
	EndGlobalSection
	GlobalSection(ProjectConfigurationPlatforms) = postSolution
		{7798D851-FB69-462E-ACB0-90D7664A016B}.Debug|Any CPU.ActiveCfg = Debug|Any CPU
		{7798D851-FB69-462E-ACB0-90D7664A016B}.Debug|Any CPU.Build.0 = Debug|Any CPU
		{7798D851-FB69-462E-ACB0-90D7664A016B}.Release|Any CPU.ActiveCfg = Release|Any CPU
		{7798D851-FB69-462E-ACB0-90D7664A016B}.Release|Any CPU.Build.0 = Release|Any CPU
	EndGlobalSection
	GlobalSection(SolutionProperties) = preSolution
		HideSolutionNode = FALSE
	EndGlobalSection
	GlobalSection(ExtensibilityGlobals) = postSolution
		SolutionGuid = {62C91967-10B3-45A5-AF3D-37725FD4BE94}
	EndGlobalSection
EndGlobal
